# This file is automatically @generated by Cargo.
# It is not intended for manual editing.
version = 4

[[package]]
name = "paste"
version = "1.0.15"
source = "registry+https://github.com/rust-lang/crates.io-index"
checksum = "57c0d7b74b563b49d38dae00a0c37d4d6de9b432382b2892f0574ddcae73fd0a"

[[package]]
name = "villagesql"
version = "0.0.1"
source = "registry+https://github.com/rust-lang/crates.io-index"
checksum = "a8a960d35b249ebe418162c209f9f81359cc5525da1c3013dbe554ffb6c4fd37"
dependencies = [
 "paste",
 "villagesql-sys",
]

[[package]]
name = "villagesql-sys"
version = "0.0.1"
source = "registry+https://github.com/rust-lang/crates.io-index"
checksum = "9b559eff6a503e291cb403c9ae8aaaf1b8e18d745a42a1e39a500f9879e3a89a"

[[package]]
name = "vsql_currency"
version = "0.0.1"
dependencies = [
 "villagesql",
]
