# This file is automatically @generated by Cargo.
# It is not intended for manual editing.
version = 4

[[package]]
name = "paste"
version = "1.0.15"
source = "registry+https://github.com/rust-lang/crates.io-index"
checksum = "57c0d7b74b563b49d38dae00a0c37d4d6de9b432382b2892f0574ddcae73fd0a"

[[package]]
name = "villagesql"
version = "0.0.6"
source = "registry+https://github.com/rust-lang/crates.io-index"
checksum = "05c21944d8c8e25e34e4b245fe88ad0045a742052dfb41ce5a45f7aa4c62d9e3"
dependencies = [
 "paste",
 "villagesql-sys",
]

[[package]]
name = "villagesql-sys"
version = "0.0.6"
source = "registry+https://github.com/rust-lang/crates.io-index"
checksum = "98540ee00ef154d1f46d328b1839e027e79e13f5c78fa2f2548173a99b118015"

[[package]]
name = "vsql_currency"
version = "0.0.1"
dependencies = [
 "villagesql",
]
